
Microsoft Visual Studio Solution File, Format Version 12.00
# Visual Studio Version 16
VisualStudioVersion = 16.0.30309.148
MinimumVisualStudioVersion = 10.0.40219.1
Project("{FAE04EC0-301F-11D3-BF4B-00C04F79EFBC}") = "TeamManagment", "TeamManagment\TeamManagment.csproj", "{1756A4CB-E309-4735-8504-5547C9B730AA}"
EndProject
Global
	GlobalSection(SolutionConfigurationPlatforms) = preSolution
		Debug|Any CPU = Debug|Any CPU
		Release|Any CPU = Release|Any CPU
	EndGlobalSection
	GlobalSection(ProjectConfigurationPlatforms) = postSolution
		{1756A4CB-E309-4735-8504-5547C9B730AA}.Debug|Any CPU.ActiveCfg = Debug|Any CPU
		{1756A4CB-E309-4735-8504-5547C9B730AA}.Debug|Any CPU.Build.0 = Debug|Any CPU
		{1756A4CB-E309-4735-8504-5547C9B730AA}.Release|Any CPU.ActiveCfg = Release|Any CPU
		{1756A4CB-E309-4735-8504-5547C9B730AA}.Release|Any CPU.Build.0 = Release|Any CPU
	EndGlobalSection
	GlobalSection(SolutionProperties) = preSolution
		HideSolutionNode = FALSE
	EndGlobalSection
	GlobalSection(ExtensibilityGlobals) = postSolution
		SolutionGuid = {8B176555-3676-4909-A32B-B4D0095BC706}
	EndGlobalSection
EndGlobal
